
Microsoft Visual Studio Solution File, Format Version 12.00
# Visual Studio Version 17
VisualStudioVersion = 17.3.32825.248
MinimumVisualStudioVersion = 10.0.40219.1
Project("{FAE04EC0-301F-11D3-BF4B-00C04F79EFBC}") = "ABANKandBBANK.CustomersUI", "ABANKandBBANK.CustomersUI\ABANKandBBANK.CustomersUI.csproj", "{B221A2CB-BF9A-4532-A0B4-DD1231ADD462}"
EndProject
Global
	GlobalSection(SolutionConfigurationPlatforms) = preSolution
		Debug|Any CPU = Debug|Any CPU
		Release|Any CPU = Release|Any CPU
	EndGlobalSection
	GlobalSection(ProjectConfigurationPlatforms) = postSolution
		{B221A2CB-BF9A-4532-A0B4-DD1231ADD462}.Debug|Any CPU.ActiveCfg = Debug|Any CPU
		{B221A2CB-BF9A-4532-A0B4-DD1231ADD462}.Debug|Any CPU.Build.0 = Debug|Any CPU
		{B221A2CB-BF9A-4532-A0B4-DD1231ADD462}.Release|Any CPU.ActiveCfg = Release|Any CPU
		{B221A2CB-BF9A-4532-A0B4-DD1231ADD462}.Release|Any CPU.Build.0 = Release|Any CPU
	EndGlobalSection
	GlobalSection(SolutionProperties) = preSolution
		HideSolutionNode = FALSE
	EndGlobalSection
	GlobalSection(ExtensibilityGlobals) = postSolution
		SolutionGuid = {E6B645BC-2F05-49D8-AA07-FF3A1E027799}
	EndGlobalSection
EndGlobal
